# @generated by Move, please check-in and do not edit manually.

[move]
version = 3
manifest_digest = "C60AD955BCB4799939B928FF2E151A6BEA3AC5C393EB51A4F61B4F048156DC3F"
deps_digest = "F8BBB0CCB2491CA29A3DF03D6F92277A4F3574266507ACD77214D37ECA3F3082"
dependencies = [
  { id = "Iota", name = "Iota" },
]

[[move.package]]
id = "Iota"
source = { git = "https://github.com/iotaledger/iota.git", rev = "testnet", subdir = "crates/iota-framework/packages/iota-framework" }

dependencies = [
  { id = "MoveStdlib", name = "MoveStdlib" },
]

[[move.package]]
id = "MoveStdlib"
source = { git = "https://github.com/iotaledger/iota.git", rev = "testnet", subdir = "crates/iota-framework/packages/move-stdlib" }

[move.toolchain-version]
compiler-version = "0.11.4-rc"
edition = "2024.beta"
flavor = "iota"

[env]

[env.testnet]
chain-id = "2304aa97"
original-published-id = "0xefb2c53fc575e4e02e0e562139b87e4f454d95e6ec65d8f53acb75093b6b64ef"
latest-published-id = "0xefb2c53fc575e4e02e0e562139b87e4f454d95e6ec65d8f53acb75093b6b64ef"
published-version = "1"
