# @generated by Move, please check-in and do not edit manually.

[move]
version = 3
manifest_digest = "9218F1A3F6D31750AAD9144615C236458444CDA3050040240FF60455E5D954A7"
deps_digest = "060AD7E57DFB13104F21BE5F5C3759D03F0553FC3229247D9A7A6B45F50D03A3"
dependencies = [
  { id = "Iota", name = "Iota" },
  { id = "Pyth", name = "Pyth" },
  { id = "Wormhole", name = "Wormhole" },
]

[[move.package]]
id = "Iota"
source = { git = "https://github.com/iotaledger/iota.git", rev = "751c23caf24efd071463b9ffd07eabcb15f44f31", subdir = "crates/iota-framework/packages/iota-framework" }

dependencies = [
  { id = "MoveStdlib", name = "MoveStdlib" },
]

[[move.package]]
id = "MoveStdlib"
source = { git = "https://github.com/iotaledger/iota.git", rev = "751c23caf24efd071463b9ffd07eabcb15f44f31", subdir = "crates/iota-framework/packages/move-stdlib" }

[[move.package]]
id = "Pyth"
source = { git = "https://github.com/pyth-network/pyth-crosschain.git", rev = "iota-contract-testnet", subdir = "target_chains/sui/contracts" }

dependencies = [
  { id = "Iota", name = "Iota" },
  { id = "Wormhole", name = "Wormhole" },
]

[[move.package]]
id = "Wormhole"
source = { git = "https://github.com/pyth-network/pyth-crosschain.git", rev = "iota-contract-testnet", subdir = "target_chains/sui/vendor/wormhole_iota_testnet/wormhole" }

dependencies = [
  { id = "Iota", name = "Iota" },
]

[move.toolchain-version]
compiler-version = "0.11.4-rc"
edition = "2024.beta"
flavor = "iota"

[env]

[env.testnet]
chain-id = "2304aa97"
original-published-id = "0xf1edff043dcda36bcac9d378594c533a796537cbaac03b3ba194995c85f80619"
latest-published-id = "0xf1edff043dcda36bcac9d378594c533a796537cbaac03b3ba194995c85f80619"
published-version = "1"
