# @generated by Move, please check-in and do not edit manually.

[move]
version = 3
manifest_digest = "0D03E9A212BB660B9EAB82822A0AC975AE1FDCF495E3AA96B96E4CE311D5C717"
deps_digest = "F8BBB0CCB2491CA29A3DF03D6F92277A4F3574266507ACD77214D37ECA3F3082"
dependencies = [
  { id = "Iota", name = "Iota" },
]

[[move.package]]
id = "Iota"
source = { git = "https://github.com/iotaledger/iota.git", rev = "testnet", subdir = "crates/iota-framework/packages/iota-framework" }

dependencies = [
  { id = "MoveStdlib", name = "MoveStdlib" },
]

[[move.package]]
id = "MoveStdlib"
source = { git = "https://github.com/iotaledger/iota.git", rev = "testnet", subdir = "crates/iota-framework/packages/move-stdlib" }

[move.toolchain-version]
compiler-version = "0.11.4-rc"
edition = "2024.beta"
flavor = "iota"

[env]

[env.testnet]
chain-id = "2304aa97"
original-published-id = "0x05b4c48658ea6aa63c9e847f6421cf7e903f9ae58eb5233597e460ad869fda7f"
latest-published-id = "0x05b4c48658ea6aa63c9e847f6421cf7e903f9ae58eb5233597e460ad869fda7f"
published-version = "1"
